
Microsoft Visual Studio Solution File, Format Version 12.00
# Visual Studio Version 17
VisualStudioVersion = 17.0.31612.314
MinimumVisualStudioVersion = 10.0.40219.1
Project("{888888A0-9F3D-457C-B088-3A5042F75D52}") = "Ai Guidebot", "Ai Guidebot\Ai Guidebot.pyproj", "{B3EF4A24-57AC-4A32-A10C-8E16AA79E53C}"
EndProject
Global
	GlobalSection(SolutionConfigurationPlatforms) = preSolution
		Debug|Any CPU = Debug|Any CPU
		Release|Any CPU = Release|Any CPU
	EndGlobalSection
	GlobalSection(ProjectConfigurationPlatforms) = postSolution
		{B3EF4A24-57AC-4A32-A10C-8E16AA79E53C}.Debug|Any CPU.ActiveCfg = Debug|Any CPU
		{B3EF4A24-57AC-4A32-A10C-8E16AA79E53C}.Release|Any CPU.ActiveCfg = Release|Any CPU
	EndGlobalSection
	GlobalSection(SolutionProperties) = preSolution
		HideSolutionNode = FALSE
	EndGlobalSection
	GlobalSection(ExtensibilityGlobals) = postSolution
		SolutionGuid = {8D2FB914-FA6E-4208-8EE4-9BA0E2D12288}
	EndGlobalSection
EndGlobal
