
Microsoft Visual Studio Solution File, Format Version 12.00
# Visual Studio Version 17
VisualStudioVersion = 17.0.31612.314
MinimumVisualStudioVersion = 10.0.40219.1
Project("{888888A0-9F3D-457C-B088-3A5042F75D52}") = "BotsApp-2", "BotsApp-2\BotsApp-2.pyproj", "{044657C6-3678-4AB0-80C2-6C3EC54D2BBE}"
EndProject
Global
	GlobalSection(SolutionConfigurationPlatforms) = preSolution
		Debug|Any CPU = Debug|Any CPU
		Release|Any CPU = Release|Any CPU
	EndGlobalSection
	GlobalSection(ProjectConfigurationPlatforms) = postSolution
		{044657C6-3678-4AB0-80C2-6C3EC54D2BBE}.Debug|Any CPU.ActiveCfg = Debug|Any CPU
		{044657C6-3678-4AB0-80C2-6C3EC54D2BBE}.Debug|Any CPU.Build.0 = Debug|Any CPU
		{044657C6-3678-4AB0-80C2-6C3EC54D2BBE}.Release|Any CPU.ActiveCfg = Release|Any CPU
		{044657C6-3678-4AB0-80C2-6C3EC54D2BBE}.Release|Any CPU.Build.0 = Release|Any CPU
	EndGlobalSection
	GlobalSection(SolutionProperties) = preSolution
		HideSolutionNode = FALSE
	EndGlobalSection
	GlobalSection(ExtensibilityGlobals) = postSolution
		SolutionGuid = {81BC6E0D-12DC-46BC-BA18-585D6445AA4A}
	EndGlobalSection
EndGlobal
