
Microsoft Visual Studio Solution File, Format Version 12.00
# Visual Studio Version 17
VisualStudioVersion = 17.0.31612.314
MinimumVisualStudioVersion = 10.0.40219.1
Project("{888888A0-9F3D-457C-B088-3A5042F75D52}") = "BOTSAPP VERSION 2.0", "BOTSAPP VERSION 2.0\BOTSAPP VERSION 2.0.pyproj", "{2B18ACC2-2943-4659-9AFE-39BFDBAE0BA2}"
EndProject
Global
	GlobalSection(SolutionConfigurationPlatforms) = preSolution
		Debug|Any CPU = Debug|Any CPU
		Release|Any CPU = Release|Any CPU
	EndGlobalSection
	GlobalSection(ProjectConfigurationPlatforms) = postSolution
		{2B18ACC2-2943-4659-9AFE-39BFDBAE0BA2}.Debug|Any CPU.ActiveCfg = Debug|Any CPU
		{2B18ACC2-2943-4659-9AFE-39BFDBAE0BA2}.Release|Any CPU.ActiveCfg = Release|Any CPU
	EndGlobalSection
	GlobalSection(SolutionProperties) = preSolution
		HideSolutionNode = FALSE
	EndGlobalSection
	GlobalSection(ExtensibilityGlobals) = postSolution
		SolutionGuid = {1771376D-D595-4185-A1F1-8B1DE63EA43D}
	EndGlobalSection
EndGlobal
