
Microsoft Visual Studio Solution File, Format Version 12.00
# Visual Studio Version 17
VisualStudioVersion = 17.0.31612.314
MinimumVisualStudioVersion = 10.0.40219.1
Project("{888888A0-9F3D-457C-B088-3A5042F75D52}") = "chat app", "chat app\chat app.pyproj", "{4ACB81A9-4C8C-45F6-94C7-8EA80A908D15}"
EndProject
Global
	GlobalSection(SolutionConfigurationPlatforms) = preSolution
		Debug|Any CPU = Debug|Any CPU
		Release|Any CPU = Release|Any CPU
	EndGlobalSection
	GlobalSection(ProjectConfigurationPlatforms) = postSolution
		{4ACB81A9-4C8C-45F6-94C7-8EA80A908D15}.Debug|Any CPU.ActiveCfg = Debug|Any CPU
		{4ACB81A9-4C8C-45F6-94C7-8EA80A908D15}.Release|Any CPU.ActiveCfg = Release|Any CPU
	EndGlobalSection
	GlobalSection(SolutionProperties) = preSolution
		HideSolutionNode = FALSE
	EndGlobalSection
	GlobalSection(ExtensibilityGlobals) = postSolution
		SolutionGuid = {6061DFCE-8368-442B-9E5B-34324787D7BA}
	EndGlobalSection
EndGlobal
